<?xml version="1.0" encoding="utf-8"?>
<Project ToolsVersion="4.0" xmlns:atg="http://atg.xbox.com" xmlns="http://schemas.microsoft.com/developer/msbuild/2003">
  <ItemGroup>
    <Filter Include="Resource Files">
      <UniqueIdentifier>{8e114980-c1a3-4ada-ad7c-83caadf5daeb}</UniqueIdentifier>
      <Extensions>rc;ico;cur;bmp;dlg;rc2;rct;bin;rgs;gif;jpg;jpeg;jpe</Extensions>
    </Filter>
    <Filter Include="DXUT">
      <UniqueIdentifier>{a43c5c25-0e86-4a20-b64a-883785ff74fd}</UniqueIdentifier>
    </Filter>
    <Filter Include="Shaders">
      <UniqueIdentifier>{2c3d4c8c-5d1a-459a-a05a-a4e4b608a44e}</UniqueIdentifier>
      <Extensions>fx;fxh;hlsl</Extensions>
    </Filter>
    <Filter Include="Component">
      <UniqueIdentifier>{30da510b-8a7b-4725-99b2-1f90e33c70d4}</UniqueIdentifier>
    </Filter>
    <Filter Include="Interface">
      <UniqueIdentifier>{28dfb6fe-b11f-4bfb-a426-af02c8a60e19}</UniqueIdentifier>
    </Filter>
    <Filter Include="Transform">
      <UniqueIdentifier>{53273f87-8a7d-4747-bd3f-a24b50cdeef4}</UniqueIdentifier>
    </Filter>
    <Filter Include="GameObject">
      <UniqueIdentifier>{f24e7f49-64e2-41f6-9dee-ba2d4ffe74d4}</UniqueIdentifier>
    </Filter>
    <Filter Include="GameObject\Player">
      <UniqueIdentifier>{a5db6d1e-f5ba-4c80-9718-7dfbefd1e161}</UniqueIdentifier>
    </Filter>
    <Filter Include="Renderer">
      <UniqueIdentifier>{93266da8-9aff-4479-90c6-8ec642d6db4f}</UniqueIdentifier>
    </Filter>
    <Filter Include="Texture">
      <UniqueIdentifier>{c4ba00e1-1b61-4e51-9548-2c622bb637ce}</UniqueIdentifier>
    </Filter>
    <Filter Include="Component\Collider">
      <UniqueIdentifier>{d03a41f9-0156-43a2-b3bf-1443bcc26f9c}</UniqueIdentifier>
    </Filter>
    <Filter Include="Manager">
      <UniqueIdentifier>{47ec14b8-d0a6-401c-bfed-17772c89d886}</UniqueIdentifier>
    </Filter>
    <Filter Include="GameObject\Bullet">
      <UniqueIdentifier>{6001e33a-1288-47e3-87a2-4eb04bc5bf04}</UniqueIdentifier>
    </Filter>
  </ItemGroup>
  <ItemGroup>
    <None Include="DXUT\Optional\directx.ico">
      <Filter>Resource Files</Filter>
    </None>
    <ClInclude Include="DXUT\Core\DXUT.h">
      <Filter>DXUT</Filter>
    </ClInclude>
    <ClInclude Include="DXUT\Core\DXUTenum.h">
      <Filter>DXUT</Filter>
    </ClInclude>
    <ClInclude Include="DXUT\Core\DXUTmisc.h">
      <Filter>DXUT</Filter>
    </ClInclude>
    <ClCompile Include="DXUT\Core\DXUT.cpp">
      <Filter>DXUT</Filter>
    </ClCompile>
    <ClCompile Include="DXUT\Core\DXUTenum.cpp">
      <Filter>DXUT</Filter>
    </ClCompile>
    <ClCompile Include="DXUT\Core\DXUTmisc.cpp">
      <Filter>DXUT</Filter>
    </ClCompile>
    <ClInclude Include="DXUT\Optional\DXUTcamera.h">
      <Filter>DXUT</Filter>
    </ClInclude>
    <ClInclude Include="DXUT\Optional\DXUTgui.h">
      <Filter>DXUT</Filter>
    </ClInclude>
    <ClInclude Include="DXUT\Optional\DXUTres.h">
      <Filter>DXUT</Filter>
    </ClInclude>
    <ClInclude Include="DXUT\Optional\DXUTsettingsdlg.h">
      <Filter>DXUT</Filter>
    </ClInclude>
    <ClInclude Include="DXUT\Optional\SDKmesh.h">
      <Filter>DXUT</Filter>
    </ClInclude>
    <ClInclude Include="DXUT\Optional\SDKmisc.h">
      <Filter>DXUT</Filter>
    </ClInclude>
    <ClCompile Include="DXUT\Optional\DXUTcamera.cpp">
      <Filter>DXUT</Filter>
    </ClCompile>
    <ClCompile Include="DXUT\Optional\DXUTgui.cpp">
      <Filter>DXUT</Filter>
    </ClCompile>
    <ClCompile Include="DXUT\Optional\DXUTres.cpp">
      <Filter>DXUT</Filter>
    </ClCompile>
    <ClCompile Include="DXUT\Optional\DXUTsettingsdlg.cpp">
      <Filter>DXUT</Filter>
    </ClCompile>
    <ClCompile Include="DXUT\Optional\SDKmesh.cpp">
      <Filter>DXUT</Filter>
    </ClCompile>
    <ClCompile Include="DXUT\Optional\SDKmisc.cpp">
      <Filter>DXUT</Filter>
    </ClCompile>
  </ItemGroup>
  <ItemGroup>
    <ClCompile Include="TryWorld.cpp" />
    <ClCompile Include="Src\CSpriteRenderer.cpp">
      <Filter>Renderer</Filter>
    </ClCompile>
    <ClCompile Include="Src\CGameObject.cpp">
      <Filter>GameObject</Filter>
    </ClCompile>
    <ClCompile Include="Src\CPlayer.cpp">
      <Filter>GameObject\Player</Filter>
    </ClCompile>
    <ClCompile Include="Src\CTexture.cpp">
      <Filter>Texture</Filter>
    </ClCompile>
    <ClCompile Include="Src\CTransform.cpp">
      <Filter>Transform</Filter>
    </ClCompile>
    <ClCompile Include="Src\CPlayerControl.cpp">
      <Filter>Component</Filter>
    </ClCompile>
    <ClCompile Include="Src\CInput.cpp" />
    <ClCompile Include="Src\Collider.cpp">
      <Filter>Component\Collider</Filter>
    </ClCompile>
    <ClCompile Include="Src\CollisionManager.cpp">
      <Filter>Manager</Filter>
    </ClCompile>
    <ClCompile Include="Src\ObjectManager.cpp">
      <Filter>Manager</Filter>
    </ClCompile>
    <ClCompile Include="Src\EnemyBullet.cpp">
      <Filter>GameObject\Bullet</Filter>
    </ClCompile>
    <ClCompile Include="Src\CVectorMove.cpp">
      <Filter>Component</Filter>
    </ClCompile>
    <ClCompile Include="Src\BulletCollider.cpp">
      <Filter>Component\Collider</Filter>
    </ClCompile>
  </ItemGroup>
  <ItemGroup>
    <ClInclude Include="Src\CSpriteRenderer.h">
      <Filter>Renderer</Filter>
    </ClInclude>
    <ClInclude Include="Src\Renderer.h">
      <Filter>Renderer</Filter>
    </ClInclude>
    <ClInclude Include="Src\IComponent.h">
      <Filter>Interface</Filter>
    </ClInclude>
    <ClInclude Include="Src\CGameObject.h">
      <Filter>GameObject</Filter>
    </ClInclude>
    <ClInclude Include="Src\CPlayer.h">
      <Filter>GameObject\Player</Filter>
    </ClInclude>
    <ClInclude Include="Src\Component.h">
      <Filter>Component</Filter>
    </ClInclude>
    <ClInclude Include="Src\IRenderer.h">
      <Filter>Interface</Filter>
    </ClInclude>
    <ClInclude Include="Src\CTexture.h">
      <Filter>Texture</Filter>
    </ClInclude>
    <ClInclude Include="Src\CTransform.h">
      <Filter>Transform</Filter>
    </ClInclude>
    <ClInclude Include="Src\Header.h" />
    <ClInclude Include="Src\CPlayerControl.h">
      <Filter>Component</Filter>
    </ClInclude>
    <ClInclude Include="Src\CInput.h" />
    <ClInclude Include="Src\Collider.h">
      <Filter>Component\Collider</Filter>
    </ClInclude>
    <ClInclude Include="Src\CollisionManager.h">
      <Filter>Manager</Filter>
    </ClInclude>
    <ClInclude Include="Src\ObjectManager.h">
      <Filter>Manager</Filter>
    </ClInclude>
    <ClInclude Include="Src\EnemyBullet.h">
      <Filter>GameObject\Bullet</Filter>
    </ClInclude>
    <ClInclude Include="Src\CVectorMove.h">
      <Filter>Component</Filter>
    </ClInclude>
    <ClInclude Include="Src\PlayerCollider.h">
      <Filter>Component\Collider</Filter>
    </ClInclude>
    <ClInclude Include="Src\BulletCollider.h">
      <Filter>Component\Collider</Filter>
    </ClInclude>
  </ItemGroup>
  <ItemGroup>
    <CLInclude Include="resource.h">
      <Filter>Resource Files</Filter>
    </CLInclude>
    <ResourceCompile Include="TryWorld.rc">
      <Filter>Resource Files</Filter>
    </ResourceCompile>
  </ItemGroup>
  <ItemGroup>
  </ItemGroup>
</Project>